
Microsoft Visual Studio Solution File, Format Version 12.00
# Visual Studio 2013
VisualStudioVersion = 12.0.30324.0
MinimumVisualStudioVersion = 10.0.40219.1
Project("{2150E333-8FDC-42A3-9474-1A3956D46DE8}") = "document", "document", "{CD2DFA27-D599-4456-8D0E-11212D752563}"
	ProjectSection(SolutionItems) = preProject
		F:\data\study\current_study\compsci373\assignment\1\CS373-2014-Assignment1.pdf = F:\data\study\current_study\compsci373\assignment\1\CS373-2014-Assignment1.pdf
		F:\data\study\current_study\compsci373\assignment\1\skeleton_code.7z = F:\data\study\current_study\compsci373\assignment\1\skeleton_code.7z
	EndProjectSection
EndProject
Project("{8BC9CEB8-8B4A-11D0-8D11-00A0C91BC942}") = "q2", "q2\q2.vcxproj", "{A0FF7098-5463-46C0-8583-237A71140AA0}"
EndProject
Project("{8BC9CEB8-8B4A-11D0-8D11-00A0C91BC942}") = "q3", "q3\q3.vcxproj", "{A1BCCC6D-25CA-4CF7-907F-34E3F4E234C7}"
EndProject
Global
	GlobalSection(SolutionConfigurationPlatforms) = preSolution
		Debug|Win32 = Debug|Win32
		Release|Win32 = Release|Win32
	EndGlobalSection
	GlobalSection(ProjectConfigurationPlatforms) = postSolution
		{A0FF7098-5463-46C0-8583-237A71140AA0}.Debug|Win32.ActiveCfg = Debug|Win32
		{A0FF7098-5463-46C0-8583-237A71140AA0}.Debug|Win32.Build.0 = Debug|Win32
		{A0FF7098-5463-46C0-8583-237A71140AA0}.Release|Win32.ActiveCfg = Release|Win32
		{A0FF7098-5463-46C0-8583-237A71140AA0}.Release|Win32.Build.0 = Release|Win32
		{A1BCCC6D-25CA-4CF7-907F-34E3F4E234C7}.Debug|Win32.ActiveCfg = Debug|Win32
		{A1BCCC6D-25CA-4CF7-907F-34E3F4E234C7}.Debug|Win32.Build.0 = Debug|Win32
		{A1BCCC6D-25CA-4CF7-907F-34E3F4E234C7}.Release|Win32.ActiveCfg = Release|Win32
		{A1BCCC6D-25CA-4CF7-907F-34E3F4E234C7}.Release|Win32.Build.0 = Release|Win32
	EndGlobalSection
	GlobalSection(SolutionProperties) = preSolution
		HideSolutionNode = FALSE
	EndGlobalSection
EndGlobal
